
Microsoft Visual Studio Solution File, Format Version 12.00
# Visual Studio Version 17
VisualStudioVersion = 17.5.002.0
MinimumVisualStudioVersion = 10.0.40219.1
Project("{9A19103F-16F7-4668-BE54-9A1E7A4F7556}") = "csharp-crud-api", "csharp-crud-api.csproj", "{706B7796-F69B-4FC8-B91C-048F670FDC12}"
EndProject
Global
	GlobalSection(SolutionConfigurationPlatforms) = preSolution
		Debug|Any CPU = Debug|Any CPU
		Release|Any CPU = Release|Any CPU
	EndGlobalSection
	GlobalSection(ProjectConfigurationPlatforms) = postSolution
		{706B7796-F69B-4FC8-B91C-048F670FDC12}.Debug|Any CPU.ActiveCfg = Debug|Any CPU
		{706B7796-F69B-4FC8-B91C-048F670FDC12}.Debug|Any CPU.Build.0 = Debug|Any CPU
		{706B7796-F69B-4FC8-B91C-048F670FDC12}.Release|Any CPU.ActiveCfg = Release|Any CPU
		{706B7796-F69B-4FC8-B91C-048F670FDC12}.Release|Any CPU.Build.0 = Release|Any CPU
	EndGlobalSection
	GlobalSection(SolutionProperties) = preSolution
		HideSolutionNode = FALSE
	EndGlobalSection
	GlobalSection(ExtensibilityGlobals) = postSolution
		SolutionGuid = {6AA3BF87-B089-4EC1-8AA7-4627C9A4D939}
	EndGlobalSection
EndGlobal
